
Microsoft Visual Studio Solution File, Format Version 12.00
# Visual Studio Version 16
VisualStudioVersion = 16.0.30804.86
MinimumVisualStudioVersion = 10.0.40219.1
Project("{FAE04EC0-301F-11D3-BF4B-00C04F79EFBC}") = "Web Api", "Web Api.csproj", "{28BB3832-E633-45DD-BD48-06A46469DABF}"
EndProject
Global
	GlobalSection(SolutionConfigurationPlatforms) = preSolution
		Debug|Any CPU = Debug|Any CPU
		Release|Any CPU = Release|Any CPU
	EndGlobalSection
	GlobalSection(ProjectConfigurationPlatforms) = postSolution
		{28BB3832-E633-45DD-BD48-06A46469DABF}.Debug|Any CPU.ActiveCfg = Debug|Any CPU
		{28BB3832-E633-45DD-BD48-06A46469DABF}.Debug|Any CPU.Build.0 = Debug|Any CPU
		{28BB3832-E633-45DD-BD48-06A46469DABF}.Release|Any CPU.ActiveCfg = Release|Any CPU
		{28BB3832-E633-45DD-BD48-06A46469DABF}.Release|Any CPU.Build.0 = Release|Any CPU
	EndGlobalSection
	GlobalSection(SolutionProperties) = preSolution
		HideSolutionNode = FALSE
	EndGlobalSection
	GlobalSection(ExtensibilityGlobals) = postSolution
		SolutionGuid = {8ED1D380-DE45-4818-9D81-8130BEF237B4}
	EndGlobalSection
EndGlobal
